
Microsoft Visual Studio Solution File, Format Version 12.00
# Visual Studio Version 16
VisualStudioVersion = 16.0.32106.194
MinimumVisualStudioVersion = 10.0.40219.1
Project("{FAE04EC0-301F-11D3-BF4B-00C04F79EFBC}") = "ControlExpedientes", "ControlExpedientes\ControlExpedientes.csproj", "{42B24445-7E34-4361-95D8-2029D53A0293}"
EndProject
Global
	GlobalSection(SolutionConfigurationPlatforms) = preSolution
		Debug|Any CPU = Debug|Any CPU
		Release|Any CPU = Release|Any CPU
	EndGlobalSection
	GlobalSection(ProjectConfigurationPlatforms) = postSolution
		{42B24445-7E34-4361-95D8-2029D53A0293}.Debug|Any CPU.ActiveCfg = Debug|Any CPU
		{42B24445-7E34-4361-95D8-2029D53A0293}.Debug|Any CPU.Build.0 = Debug|Any CPU
		{42B24445-7E34-4361-95D8-2029D53A0293}.Release|Any CPU.ActiveCfg = Release|Any CPU
		{42B24445-7E34-4361-95D8-2029D53A0293}.Release|Any CPU.Build.0 = Release|Any CPU
	EndGlobalSection
	GlobalSection(SolutionProperties) = preSolution
		HideSolutionNode = FALSE
	EndGlobalSection
	GlobalSection(ExtensibilityGlobals) = postSolution
		SolutionGuid = {BE77A9A5-9B62-4455-829D-B82731D920B7}
	EndGlobalSection
EndGlobal
